// !$*UTF8*$!
{
	archiveVersion = 1;
	classes = {
	};
	objectVersion = 77;
	objects = {

/* Begin PBXBuildFile section */
		5F07A7CA2D0CC15E00072E51 /* BankAIChatExampleApp.swift in Sources */ = {isa = PBXBuildFile; fileRef = 5F07A7C62D0CC15E00072E51 /* BankAIChatExampleApp.swift */; };
		5F07A7CD2D0CC15E00072E51 /* Preview Assets.xcassets in Resources */ = {isa = PBXBuildFile; fileRef = 5F07A7C32D0CC15E00072E51 /* Preview Assets.xcassets */; };
		5F07A7CE2D0CC15E00072E51 /* Assets.xcassets in Resources */ = {isa = PBXBuildFile; fileRef = 5F07A7C52D0CC15E00072E51 /* Assets.xcassets */; };
		5F07A7D02D0CC19200072E51 /* ChatView.swift in Sources */ = {isa = PBXBuildFile; fileRef = 5F07A7CF2D0CC19200072E51 /* ChatView.swift */; };
		5F07A7D22D0CC1C300072E51 /* MessageBubble.swift in Sources */ = {isa = PBXBuildFile; fileRef = 5F07A7D12D0CC1C300072E51 /* MessageBubble.swift */; };
		5F07A7D42D0CC1F400072E51 /* CONSTANTS.swift in Sources */ = {isa = PBXBuildFile; fileRef = 5F07A7D32D0CC1F400072E51 /* CONSTANTS.swift */; };
		5F07A7D72D0CC23700072E51 /* Message.swift in Sources */ = {isa = PBXBuildFile; fileRef = 5F07A7D62D0CC23700072E51 /* Message.swift */; };
		5F07A7D92D0CC25F00072E51 /* TransactionModels.swift in Sources */ = {isa = PBXBuildFile; fileRef = 5F07A7D82D0CC25F00072E51 /* TransactionModels.swift */; };
		5F07A7DB2D0CC2C500072E51 /* FeePredictionModels.swift in Sources */ = {isa = PBXBuildFile; fileRef = 5F07A7DA2D0CC2C500072E51 /* FeePredictionModels.swift */; };
		5F07A7DD2D0CC3B400072E51 /* ChatViewModel.swift in Sources */ = {isa = PBXBuildFile; fileRef = 5F07A7DC2D0CC3B400072E51 /* ChatViewModel.swift */; };
		5F07A7DF2D0CC3F700072E51 /* APIManager.swift in Sources */ = {isa = PBXBuildFile; fileRef = 5F07A7DE2D0CC3F700072E51 /* APIManager.swift */; };
		5F33FCC92D0D04CE00DB7E52 /* MainView.swift in Sources */ = {isa = PBXBuildFile; fileRef = 5F33FCC82D0D04CE00DB7E52 /* MainView.swift */; };
/* End PBXBuildFile section */

/* Begin PBXContainerItemProxy section */
		5F07A7A72D0CC14A00072E51 /* PBXContainerItemProxy */ = {
			isa = PBXContainerItemProxy;
			containerPortal = 5F07A78C2D0CC14800072E51 /* Project object */;
			proxyType = 1;
			remoteGlobalIDString = 5F07A7932D0CC14800072E51;
			remoteInfo = BankAIChatExample;
		};
		5F07A7B12D0CC14A00072E51 /* PBXContainerItemProxy */ = {
			isa = PBXContainerItemProxy;
			containerPortal = 5F07A78C2D0CC14800072E51 /* Project object */;
			proxyType = 1;
			remoteGlobalIDString = 5F07A7932D0CC14800072E51;
			remoteInfo = BankAIChatExample;
		};
/* End PBXContainerItemProxy section */

/* Begin PBXFileReference section */
		5F07A7942D0CC14800072E51 /* BankAIChatExample.app */ = {isa = PBXFileReference; explicitFileType = wrapper.application; includeInIndex = 0; path = BankAIChatExample.app; sourceTree = BUILT_PRODUCTS_DIR; };
		5F07A7A62D0CC14A00072E51 /* BankAIChatExampleTests.xctest */ = {isa = PBXFileReference; explicitFileType = wrapper.cfbundle; includeInIndex = 0; path = BankAIChatExampleTests.xctest; sourceTree = BUILT_PRODUCTS_DIR; };
		5F07A7B02D0CC14A00072E51 /* BankAIChatExampleUITests.xctest */ = {isa = PBXFileReference; explicitFileType = wrapper.cfbundle; includeInIndex = 0; path = BankAIChatExampleUITests.xctest; sourceTree = BUILT_PRODUCTS_DIR; };
		5F07A7C32D0CC15E00072E51 /* Preview Assets.xcassets */ = {isa = PBXFileReference; lastKnownFileType = folder.assetcatalog; path = "Preview Assets.xcassets"; sourceTree = "<group>"; };
		5F07A7C52D0CC15E00072E51 /* Assets.xcassets */ = {isa = PBXFileReference; lastKnownFileType = folder.assetcatalog; path = Assets.xcassets; sourceTree = "<group>"; };
		5F07A7C62D0CC15E00072E51 /* BankAIChatExampleApp.swift */ = {isa = PBXFileReference; lastKnownFileType = sourcecode.swift; path = BankAIChatExampleApp.swift; sourceTree = "<group>"; };
		5F07A7CF2D0CC19200072E51 /* ChatView.swift */ = {isa = PBXFileReference; lastKnownFileType = sourcecode.swift; path = ChatView.swift; sourceTree = "<group>"; };
		5F07A7D12D0CC1C300072E51 /* MessageBubble.swift */ = {isa = PBXFileReference; lastKnownFileType = sourcecode.swift; path = MessageBubble.swift; sourceTree = "<group>"; };
		5F07A7D32D0CC1F400072E51 /* CONSTANTS.swift */ = {isa = PBXFileReference; lastKnownFileType = sourcecode.swift; path = CONSTANTS.swift; sourceTree = "<group>"; };
		5F07A7D62D0CC23700072E51 /* Message.swift */ = {isa = PBXFileReference; lastKnownFileType = sourcecode.swift; path = Message.swift; sourceTree = "<group>"; };
		5F07A7D82D0CC25F00072E51 /* TransactionModels.swift */ = {isa = PBXFileReference; lastKnownFileType = sourcecode.swift; path = TransactionModels.swift; sourceTree = "<group>"; };
		5F07A7DA2D0CC2C500072E51 /* FeePredictionModels.swift */ = {isa = PBXFileReference; lastKnownFileType = sourcecode.swift; path = FeePredictionModels.swift; sourceTree = "<group>"; };
		5F07A7DC2D0CC3B400072E51 /* ChatViewModel.swift */ = {isa = PBXFileReference; lastKnownFileType = sourcecode.swift; path = ChatViewModel.swift; sourceTree = "<group>"; };
		5F07A7DE2D0CC3F700072E51 /* APIManager.swift */ = {isa = PBXFileReference; lastKnownFileType = sourcecode.swift; path = APIManager.swift; sourceTree = "<group>"; };
		5F33FCC82D0D04CE00DB7E52 /* MainView.swift */ = {isa = PBXFileReference; lastKnownFileType = sourcecode.swift; path = MainView.swift; sourceTree = "<group>"; };
/* End PBXFileReference section */

/* Begin PBXFileSystemSynchronizedRootGroup section */
		5F07A7A92D0CC14A00072E51 /* BankAIChatExampleTests */ = {
			isa = PBXFileSystemSynchronizedRootGroup;
			path = BankAIChatExampleTests;
			sourceTree = "<group>";
		};
/* End PBXFileSystemSynchronizedRootGroup section */

/* Begin PBXFrameworksBuildPhase section */
		5F07A7912D0CC14800072E51 /* Frameworks */ = {
			isa = PBXFrameworksBuildPhase;
			buildActionMask = 2147483647;
			files = (
			);
			runOnlyForDeploymentPostprocessing = 0;
		};
		5F07A7A32D0CC14A00072E51 /* Frameworks */ = {
			isa = PBXFrameworksBuildPhase;
			buildActionMask = 2147483647;
			files = (
			);
			runOnlyForDeploymentPostprocessing = 0;
		};
		5F07A7AD2D0CC14A00072E51 /* Frameworks */ = {
			isa = PBXFrameworksBuildPhase;
			buildActionMask = 2147483647;
			files = (
			);
			runOnlyForDeploymentPostprocessing = 0;
		};
/* End PBXFrameworksBuildPhase section */

/* Begin PBXGroup section */
		5F07A78B2D0CC14800072E51 = {
			isa = PBXGroup;
			children = (
				5F07A7C92D0CC15E00072E51 /* BankAIChatExample */,
				5F07A7A92D0CC14A00072E51 /* BankAIChatExampleTests */,
				5F07A7952D0CC14800072E51 /* Products */,
			);
			sourceTree = "<group>";
		};
		5F07A7952D0CC14800072E51 /* Products */ = {
			isa = PBXGroup;
			children = (
				5F07A7942D0CC14800072E51 /* BankAIChatExample.app */,
				5F07A7A62D0CC14A00072E51 /* BankAIChatExampleTests.xctest */,
				5F07A7B02D0CC14A00072E51 /* BankAIChatExampleUITests.xctest */,
			);
			name = Products;
			sourceTree = "<group>";
		};
		5F07A7C42D0CC15E00072E51 /* Preview Content */ = {
			isa = PBXGroup;
			children = (
				5F07A7C32D0CC15E00072E51 /* Preview Assets.xcassets */,
			);
			path = "Preview Content";
			sourceTree = "<group>";
		};
		5F07A7C92D0CC15E00072E51 /* BankAIChatExample */ = {
			isa = PBXGroup;
			children = (
				5F07A7C62D0CC15E00072E51 /* BankAIChatExampleApp.swift */,
				5F33FCC82D0D04CE00DB7E52 /* MainView.swift */,
				5F33FCCE2D0D159700DB7E52 /* ChatView */,
				5F07A7DE2D0CC3F700072E51 /* APIManager.swift */,
				5F07A7D32D0CC1F400072E51 /* CONSTANTS.swift */,
				5F07A7D52D0CC22600072E51 /* Models */,
				5F07A7C52D0CC15E00072E51 /* Assets.xcassets */,
				5F07A7C42D0CC15E00072E51 /* Preview Content */,
			);
			path = BankAIChatExample;
			sourceTree = "<group>";
		};
		5F07A7D52D0CC22600072E51 /* Models */ = {
			isa = PBXGroup;
			children = (
				5F07A7D62D0CC23700072E51 /* Message.swift */,
				5F07A7D82D0CC25F00072E51 /* TransactionModels.swift */,
				5F07A7DA2D0CC2C500072E51 /* FeePredictionModels.swift */,
			);
			path = Models;
			sourceTree = "<group>";
		};
		5F33FCCE2D0D159700DB7E52 /* ChatView */ = {
			isa = PBXGroup;
			children = (
				5F07A7CF2D0CC19200072E51 /* ChatView.swift */,
				5F07A7DC2D0CC3B400072E51 /* ChatViewModel.swift */,
				5F07A7D12D0CC1C300072E51 /* MessageBubble.swift */,
			);
			path = ChatView;
			sourceTree = "<group>";
		};
/* End PBXGroup section */

/* Begin PBXNativeTarget section */
		5F07A7932D0CC14800072E51 /* BankAIChatExample */ = {
			isa = PBXNativeTarget;
			buildConfigurationList = 5F07A7BA2D0CC14A00072E51 /* Build configuration list for PBXNativeTarget "BankAIChatExample" */;
			buildPhases = (
				5F07A7902D0CC14800072E51 /* Sources */,
				5F07A7912D0CC14800072E51 /* Frameworks */,
				5F07A7922D0CC14800072E51 /* Resources */,
			);
			buildRules = (
			);
			dependencies = (
			);
			name = BankAIChatExample;
			packageProductDependencies = (
			);
			productName = BankAIChatExample;
			productReference = 5F07A7942D0CC14800072E51 /* BankAIChatExample.app */;
			productType = "com.apple.product-type.application";
		};
		5F07A7A52D0CC14A00072E51 /* BankAIChatExampleTests */ = {
			isa = PBXNativeTarget;
			buildConfigurationList = 5F07A7BD2D0CC14A00072E51 /* Build configuration list for PBXNativeTarget "BankAIChatExampleTests" */;
			buildPhases = (
				5F07A7A22D0CC14A00072E51 /* Sources */,
				5F07A7A32D0CC14A00072E51 /* Frameworks */,
				5F07A7A42D0CC14A00072E51 /* Resources */,
			);
			buildRules = (
			);
			dependencies = (
				5F07A7A82D0CC14A00072E51 /* PBXTargetDependency */,
			);
			fileSystemSynchronizedGroups = (
				5F07A7A92D0CC14A00072E51 /* BankAIChatExampleTests */,
			);
			name = BankAIChatExampleTests;
			packageProductDependencies = (
			);
			productName = BankAIChatExampleTests;
			productReference = 5F07A7A62D0CC14A00072E51 /* BankAIChatExampleTests.xctest */;
			productType = "com.apple.product-type.bundle.unit-test";
		};
		5F07A7AF2D0CC14A00072E51 /* BankAIChatExampleUITests */ = {
			isa = PBXNativeTarget;
			buildConfigurationList = 5F07A7C02D0CC14A00072E51 /* Build configuration list for PBXNativeTarget "BankAIChatExampleUITests" */;
			buildPhases = (
				5F07A7AC2D0CC14A00072E51 /* Sources */,
				5F07A7AD2D0CC14A00072E51 /* Frameworks */,
				5F07A7AE2D0CC14A00072E51 /* Resources */,
			);
			buildRules = (
			);
			dependencies = (
				5F07A7B22D0CC14A00072E51 /* PBXTargetDependency */,
			);
			name = BankAIChatExampleUITests;
			packageProductDependencies = (
			);
			productName = BankAIChatExampleUITests;
			productReference = 5F07A7B02D0CC14A00072E51 /* BankAIChatExampleUITests.xctest */;
			productType = "com.apple.product-type.bundle.ui-testing";
		};
/* End PBXNativeTarget section */

/* Begin PBXProject section */
		5F07A78C2D0CC14800072E51 /* Project object */ = {
			isa = PBXProject;
			attributes = {
				BuildIndependentTargetsInParallel = 1;
				LastSwiftUpdateCheck = 1610;
				LastUpgradeCheck = 1610;
				TargetAttributes = {
					5F07A7932D0CC14800072E51 = {
						CreatedOnToolsVersion = 16.1;
					};
					5F07A7A52D0CC14A00072E51 = {
						CreatedOnToolsVersion = 16.1;
						TestTargetID = 5F07A7932D0CC14800072E51;
					};
					5F07A7AF2D0CC14A00072E51 = {
						CreatedOnToolsVersion = 16.1;
						TestTargetID = 5F07A7932D0CC14800072E51;
					};
				};
			};
			buildConfigurationList = 5F07A78F2D0CC14800072E51 /* Build configuration list for PBXProject "BankAIChatExample" */;
			developmentRegion = en;
			hasScannedForEncodings = 0;
			knownRegions = (
				en,
				Base,
			);
			mainGroup = 5F07A78B2D0CC14800072E51;
			minimizedProjectReferenceProxies = 1;
			preferredProjectObjectVersion = 77;
			productRefGroup = 5F07A7952D0CC14800072E51 /* Products */;
			projectDirPath = "";
			projectRoot = "";
			targets = (
				5F07A7932D0CC14800072E51 /* BankAIChatExample */,
				5F07A7A52D0CC14A00072E51 /* BankAIChatExampleTests */,
				5F07A7AF2D0CC14A00072E51 /* BankAIChatExampleUITests */,
			);
		};
/* End PBXProject section */

/* Begin PBXResourcesBuildPhase section */
		5F07A7922D0CC14800072E51 /* Resources */ = {
			isa = PBXResourcesBuildPhase;
			buildActionMask = 2147483647;
			files = (
				5F07A7CD2D0CC15E00072E51 /* Preview Assets.xcassets in Resources */,
				5F07A7CE2D0CC15E00072E51 /* Assets.xcassets in Resources */,
			);
			runOnlyForDeploymentPostprocessing = 0;
		};
		5F07A7A42D0CC14A00072E51 /* Resources */ = {
			isa = PBXResourcesBuildPhase;
			buildActionMask = 2147483647;
			files = (
			);
			runOnlyForDeploymentPostprocessing = 0;
		};
		5F07A7AE2D0CC14A00072E51 /* Resources */ = {
			isa = PBXResourcesBuildPhase;
			buildActionMask = 2147483647;
			files = (
			);
			runOnlyForDeploymentPostprocessing = 0;
		};
/* End PBXResourcesBuildPhase section */

/* Begin PBXSourcesBuildPhase section */
		5F07A7902D0CC14800072E51 /* Sources */ = {
			isa = PBXSourcesBuildPhase;
			buildActionMask = 2147483647;
			files = (
				5F07A7DB2D0CC2C500072E51 /* FeePredictionModels.swift in Sources */,
				5F33FCC92D0D04CE00DB7E52 /* MainView.swift in Sources */,
				5F07A7D02D0CC19200072E51 /* ChatView.swift in Sources */,
				5F07A7D42D0CC1F400072E51 /* CONSTANTS.swift in Sources */,
				5F07A7CA2D0CC15E00072E51 /* BankAIChatExampleApp.swift in Sources */,
				5F07A7DF2D0CC3F700072E51 /* APIManager.swift in Sources */,
				5F07A7D22D0CC1C300072E51 /* MessageBubble.swift in Sources */,
				5F07A7D92D0CC25F00072E51 /* TransactionModels.swift in Sources */,
				5F07A7DD2D0CC3B400072E51 /* ChatViewModel.swift in Sources */,
				5F07A7D72D0CC23700072E51 /* Message.swift in Sources */,
			);
			runOnlyForDeploymentPostprocessing = 0;
		};
		5F07A7A22D0CC14A00072E51 /* Sources */ = {
			isa = PBXSourcesBuildPhase;
			buildActionMask = 2147483647;
			files = (
			);
			runOnlyForDeploymentPostprocessing = 0;
		};
		5F07A7AC2D0CC14A00072E51 /* Sources */ = {
			isa = PBXSourcesBuildPhase;
			buildActionMask = 2147483647;
			files = (
			);
			runOnlyForDeploymentPostprocessing = 0;
		};
/* End PBXSourcesBuildPhase section */

/* Begin PBXTargetDependency section */
		5F07A7A82D0CC14A00072E51 /* PBXTargetDependency */ = {
			isa = PBXTargetDependency;
			target = 5F07A7932D0CC14800072E51 /* BankAIChatExample */;
			targetProxy = 5F07A7A72D0CC14A00072E51 /* PBXContainerItemProxy */;
		};
		5F07A7B22D0CC14A00072E51 /* PBXTargetDependency */ = {
			isa = PBXTargetDependency;
			target = 5F07A7932D0CC14800072E51 /* BankAIChatExample */;
			targetProxy = 5F07A7B12D0CC14A00072E51 /* PBXContainerItemProxy */;
		};
/* End PBXTargetDependency section */

/* Begin XCBuildConfiguration section */
		5F07A7B82D0CC14A00072E51 /* Debug */ = {
			isa = XCBuildConfiguration;
			buildSettings = {
				ALWAYS_SEARCH_USER_PATHS = NO;
				ASSETCATALOG_COMPILER_GENERATE_SWIFT_ASSET_SYMBOL_EXTENSIONS = YES;
				CLANG_ANALYZER_NONNULL = YES;
				CLANG_ANALYZER_NUMBER_OBJECT_CONVERSION = YES_AGGRESSIVE;
				CLANG_CXX_LANGUAGE_STANDARD = "gnu++20";
				CLANG_ENABLE_MODULES = YES;
				CLANG_ENABLE_OBJC_ARC = YES;
				CLANG_ENABLE_OBJC_WEAK = YES;
				CLANG_WARN_BLOCK_CAPTURE_AUTORELEASING = YES;
				CLANG_WARN_BOOL_CONVERSION = YES;
				CLANG_WARN_COMMA = YES;
				CLANG_WARN_CONSTANT_CONVERSION = YES;
				CLANG_WARN_DEPRECATED_OBJC_IMPLEMENTATIONS = YES;
				CLANG_WARN_DIRECT_OBJC_ISA_USAGE = YES_ERROR;
				CLANG_WARN_DOCUMENTATION_COMMENTS = YES;
				CLANG_WARN_EMPTY_BODY = YES;
				CLANG_WARN_ENUM_CONVERSION = YES;
				CLANG_WARN_INFINITE_RECURSION = YES;
				CLANG_WARN_INT_CONVERSION = YES;
				CLANG_WARN_NON_LITERAL_NULL_CONVERSION = YES;
				CLANG_WARN_OBJC_IMPLICIT_RETAIN_SELF = YES;
				CLANG_WARN_OBJC_LITERAL_CONVERSION = YES;
				CLANG_WARN_OBJC_ROOT_CLASS = YES_ERROR;
				CLANG_WARN_QUOTED_INCLUDE_IN_FRAMEWORK_HEADER = YES;
				CLANG_WARN_RANGE_LOOP_ANALYSIS = YES;
				CLANG_WARN_STRICT_PROTOTYPES = YES;
				CLANG_WARN_SUSPICIOUS_MOVE = YES;
				CLANG_WARN_UNGUARDED_AVAILABILITY = YES_AGGRESSIVE;
				CLANG_WARN_UNREACHABLE_CODE = YES;
				CLANG_WARN__DUPLICATE_METHOD_MATCH = YES;
				COPY_PHASE_STRIP = NO;
				DEBUG_INFORMATION_FORMAT = dwarf;
				ENABLE_STRICT_OBJC_MSGSEND = YES;
				ENABLE_TESTABILITY = YES;
				ENABLE_USER_SCRIPT_SANDBOXING = YES;
				GCC_C_LANGUAGE_STANDARD = gnu17;
				GCC_DYNAMIC_NO_PIC = NO;
				GCC_NO_COMMON_BLOCKS = YES;
				GCC_OPTIMIZATION_LEVEL = 0;
				GCC_PREPROCESSOR_DEFINITIONS = (
					"DEBUG=1",
					"$(inherited)",
				);
				GCC_WARN_64_TO_32_BIT_CONVERSION = YES;
				GCC_WARN_ABOUT_RETURN_TYPE = YES_ERROR;
				GCC_WARN_UNDECLARED_SELECTOR = YES;
				GCC_WARN_UNINITIALIZED_AUTOS = YES_AGGRESSIVE;
				GCC_WARN_UNUSED_FUNCTION = YES;
				GCC_WARN_UNUSED_VARIABLE = YES;
				IPHONEOS_DEPLOYMENT_TARGET = 18.1;
				LOCALIZATION_PREFERS_STRING_CATALOGS = YES;
				MTL_ENABLE_DEBUG_INFO = INCLUDE_SOURCE;
				MTL_FAST_MATH = YES;
				ONLY_ACTIVE_ARCH = YES;
				SDKROOT = iphoneos;
				SWIFT_ACTIVE_COMPILATION_CONDITIONS = "DEBUG $(inherited)";
				SWIFT_OPTIMIZATION_LEVEL = "-Onone";
			};
			name = Debug;
		};
		5F07A7B92D0CC14A00072E51 /* Release */ = {
			isa = XCBuildConfiguration;
			buildSettings = {
				ALWAYS_SEARCH_USER_PATHS = NO;
				ASSETCATALOG_COMPILER_GENERATE_SWIFT_ASSET_SYMBOL_EXTENSIONS = YES;
				CLANG_ANALYZER_NONNULL = YES;
				CLANG_ANALYZER_NUMBER_OBJECT_CONVERSION = YES_AGGRESSIVE;
				CLANG_CXX_LANGUAGE_STANDARD = "gnu++20";
				CLANG_ENABLE_MODULES = YES;
				CLANG_ENABLE_OBJC_ARC = YES;
				CLANG_ENABLE_OBJC_WEAK = YES;
				CLANG_WARN_BLOCK_CAPTURE_AUTORELEASING = YES;
				CLANG_WARN_BOOL_CONVERSION = YES;
				CLANG_WARN_COMMA = YES;
				CLANG_WARN_CONSTANT_CONVERSION = YES;
				CLANG_WARN_DEPRECATED_OBJC_IMPLEMENTATIONS = YES;
				CLANG_WARN_DIRECT_OBJC_ISA_USAGE = YES_ERROR;
				CLANG_WARN_DOCUMENTATION_COMMENTS = YES;
				CLANG_WARN_EMPTY_BODY = YES;
				CLANG_WARN_ENUM_CONVERSION = YES;
				CLANG_WARN_INFINITE_RECURSION = YES;
				CLANG_WARN_INT_CONVERSION = YES;
				CLANG_WARN_NON_LITERAL_NULL_CONVERSION = YES;
				CLANG_WARN_OBJC_IMPLICIT_RETAIN_SELF = YES;
				CLANG_WARN_OBJC_LITERAL_CONVERSION = YES;
				CLANG_WARN_OBJC_ROOT_CLASS = YES_ERROR;
				CLANG_WARN_QUOTED_INCLUDE_IN_FRAMEWORK_HEADER = YES;
				CLANG_WARN_RANGE_LOOP_ANALYSIS = YES;
				CLANG_WARN_STRICT_PROTOTYPES = YES;
				CLANG_WARN_SUSPICIOUS_MOVE = YES;
				CLANG_WARN_UNGUARDED_AVAILABILITY = YES_AGGRESSIVE;
				CLANG_WARN_UNREACHABLE_CODE = YES;
				CLANG_WARN__DUPLICATE_METHOD_MATCH = YES;
				COPY_PHASE_STRIP = NO;
				DEBUG_INFORMATION_FORMAT = "dwarf-with-dsym";
				ENABLE_NS_ASSERTIONS = NO;
				ENABLE_STRICT_OBJC_MSGSEND = YES;
				ENABLE_USER_SCRIPT_SANDBOXING = YES;
				GCC_C_LANGUAGE_STANDARD = gnu17;
				GCC_NO_COMMON_BLOCKS = YES;
				GCC_WARN_64_TO_32_BIT_CONVERSION = YES;
				GCC_WARN_ABOUT_RETURN_TYPE = YES_ERROR;
				GCC_WARN_UNDECLARED_SELECTOR = YES;
				GCC_WARN_UNINITIALIZED_AUTOS = YES_AGGRESSIVE;
				GCC_WARN_UNUSED_FUNCTION = YES;
				GCC_WARN_UNUSED_VARIABLE = YES;
				IPHONEOS_DEPLOYMENT_TARGET = 18.1;
				LOCALIZATION_PREFERS_STRING_CATALOGS = YES;
				MTL_ENABLE_DEBUG_INFO = NO;
				MTL_FAST_MATH = YES;
				SDKROOT = iphoneos;
				SWIFT_COMPILATION_MODE = wholemodule;
				VALIDATE_PRODUCT = YES;
			};
			name = Release;
		};
		5F07A7BB2D0CC14A00072E51 /* Debug */ = {
			isa = XCBuildConfiguration;
			buildSettings = {
				ASSETCATALOG_COMPILER_APPICON_NAME = AppIcon;
				ASSETCATALOG_COMPILER_GLOBAL_ACCENT_COLOR_NAME = AccentColor;
				CODE_SIGN_STYLE = Automatic;
				CURRENT_PROJECT_VERSION = 1;
				DEVELOPMENT_ASSET_PATHS = "\"BankAIChatExample/Preview Content\"";
				DEVELOPMENT_TEAM = QP46GZR9X8;
				ENABLE_PREVIEWS = YES;
				GENERATE_INFOPLIST_FILE = YES;
				INFOPLIST_KEY_UIApplicationSceneManifest_Generation = YES;
				INFOPLIST_KEY_UIApplicationSupportsIndirectInputEvents = YES;
				INFOPLIST_KEY_UILaunchScreen_Generation = YES;
				INFOPLIST_KEY_UISupportedInterfaceOrientations_iPad = "UIInterfaceOrientationPortrait UIInterfaceOrientationPortraitUpsideDown UIInterfaceOrientationLandscapeLeft UIInterfaceOrientationLandscapeRight";
				INFOPLIST_KEY_UISupportedInterfaceOrientations_iPhone = "UIInterfaceOrientationPortrait UIInterfaceOrientationLandscapeLeft UIInterfaceOrientationLandscapeRight";
				LD_RUNPATH_SEARCH_PATHS = (
					"$(inherited)",
					"@executable_path/Frameworks",
				);
				MARKETING_VERSION = 1.0;
				PRODUCT_BUNDLE_IDENTIFIER = AnthonyHarvey.BankAIChatExample;
				PRODUCT_NAME = "$(TARGET_NAME)";
				SWIFT_EMIT_LOC_STRINGS = YES;
				SWIFT_VERSION = 5.0;
				TARGETED_DEVICE_FAMILY = "1,2";
			};
			name = Debug;
		};
		5F07A7BC2D0CC14A00072E51 /* Release */ = {
			isa = XCBuildConfiguration;
			buildSettings = {
				ASSETCATALOG_COMPILER_APPICON_NAME = AppIcon;
				ASSETCATALOG_COMPILER_GLOBAL_ACCENT_COLOR_NAME = AccentColor;
				CODE_SIGN_STYLE = Automatic;
				CURRENT_PROJECT_VERSION = 1;
				DEVELOPMENT_ASSET_PATHS = "\"BankAIChatExample/Preview Content\"";
				DEVELOPMENT_TEAM = QP46GZR9X8;
				ENABLE_PREVIEWS = YES;
				GENERATE_INFOPLIST_FILE = YES;
				INFOPLIST_KEY_UIApplicationSceneManifest_Generation = YES;
				INFOPLIST_KEY_UIApplicationSupportsIndirectInputEvents = YES;
				INFOPLIST_KEY_UILaunchScreen_Generation = YES;
				INFOPLIST_KEY_UISupportedInterfaceOrientations_iPad = "UIInterfaceOrientationPortrait UIInterfaceOrientationPortraitUpsideDown UIInterfaceOrientationLandscapeLeft UIInterfaceOrientationLandscapeRight";
				INFOPLIST_KEY_UISupportedInterfaceOrientations_iPhone = "UIInterfaceOrientationPortrait UIInterfaceOrientationLandscapeLeft UIInterfaceOrientationLandscapeRight";
				LD_RUNPATH_SEARCH_PATHS = (
					"$(inherited)",
					"@executable_path/Frameworks",
				);
				MARKETING_VERSION = 1.0;
				PRODUCT_BUNDLE_IDENTIFIER = AnthonyHarvey.BankAIChatExample;
				PRODUCT_NAME = "$(TARGET_NAME)";
				SWIFT_EMIT_LOC_STRINGS = YES;
				SWIFT_VERSION = 5.0;
				TARGETED_DEVICE_FAMILY = "1,2";
			};
			name = Release;
		};
		5F07A7BE2D0CC14A00072E51 /* Debug */ = {
			isa = XCBuildConfiguration;
			buildSettings = {
				BUNDLE_LOADER = "$(TEST_HOST)";
				CODE_SIGN_STYLE = Automatic;
				CURRENT_PROJECT_VERSION = 1;
				DEVELOPMENT_TEAM = QP46GZR9X8;
				GENERATE_INFOPLIST_FILE = YES;
				IPHONEOS_DEPLOYMENT_TARGET = 18.1;
				MARKETING_VERSION = 1.0;
				PRODUCT_BUNDLE_IDENTIFIER = AnthonyHarvey.BankAIChatExampleTests;
				PRODUCT_NAME = "$(TARGET_NAME)";
				SWIFT_EMIT_LOC_STRINGS = NO;
				SWIFT_VERSION = 5.0;
				TARGETED_DEVICE_FAMILY = "1,2";
				TEST_HOST = "$(BUILT_PRODUCTS_DIR)/BankAIChatExample.app/$(BUNDLE_EXECUTABLE_FOLDER_PATH)/BankAIChatExample";
			};
			name = Debug;
		};
		5F07A7BF2D0CC14A00072E51 /* Release */ = {
			isa = XCBuildConfiguration;
			buildSettings = {
				BUNDLE_LOADER = "$(TEST_HOST)";
				CODE_SIGN_STYLE = Automatic;
				CURRENT_PROJECT_VERSION = 1;
				DEVELOPMENT_TEAM = QP46GZR9X8;
				GENERATE_INFOPLIST_FILE = YES;
				IPHONEOS_DEPLOYMENT_TARGET = 18.1;
				MARKETING_VERSION = 1.0;
				PRODUCT_BUNDLE_IDENTIFIER = AnthonyHarvey.BankAIChatExampleTests;
				PRODUCT_NAME = "$(TARGET_NAME)";
				SWIFT_EMIT_LOC_STRINGS = NO;
				SWIFT_VERSION = 5.0;
				TARGETED_DEVICE_FAMILY = "1,2";
				TEST_HOST = "$(BUILT_PRODUCTS_DIR)/BankAIChatExample.app/$(BUNDLE_EXECUTABLE_FOLDER_PATH)/BankAIChatExample";
			};
			name = Release;
		};
		5F07A7C12D0CC14A00072E51 /* Debug */ = {
			isa = XCBuildConfiguration;
			buildSettings = {
				CODE_SIGN_STYLE = Automatic;
				CURRENT_PROJECT_VERSION = 1;
				DEVELOPMENT_TEAM = QP46GZR9X8;
				GENERATE_INFOPLIST_FILE = YES;
				MARKETING_VERSION = 1.0;
				PRODUCT_BUNDLE_IDENTIFIER = AnthonyHarvey.BankAIChatExampleUITests;
				PRODUCT_NAME = "$(TARGET_NAME)";
				SWIFT_EMIT_LOC_STRINGS = NO;
				SWIFT_VERSION = 5.0;
				TARGETED_DEVICE_FAMILY = "1,2";
				TEST_TARGET_NAME = BankAIChatExample;
			};
			name = Debug;
		};
		5F07A7C22D0CC14A00072E51 /* Release */ = {
			isa = XCBuildConfiguration;
			buildSettings = {
				CODE_SIGN_STYLE = Automatic;
				CURRENT_PROJECT_VERSION = 1;
				DEVELOPMENT_TEAM = QP46GZR9X8;
				GENERATE_INFOPLIST_FILE = YES;
				MARKETING_VERSION = 1.0;
				PRODUCT_BUNDLE_IDENTIFIER = AnthonyHarvey.BankAIChatExampleUITests;
				PRODUCT_NAME = "$(TARGET_NAME)";
				SWIFT_EMIT_LOC_STRINGS = NO;
				SWIFT_VERSION = 5.0;
				TARGETED_DEVICE_FAMILY = "1,2";
				TEST_TARGET_NAME = BankAIChatExample;
			};
			name = Release;
		};
/* End XCBuildConfiguration section */

/* Begin XCConfigurationList section */
		5F07A78F2D0CC14800072E51 /* Build configuration list for PBXProject "BankAIChatExample" */ = {
			isa = XCConfigurationList;
			buildConfigurations = (
				5F07A7B82D0CC14A00072E51 /* Debug */,
				5F07A7B92D0CC14A00072E51 /* Release */,
			);
			defaultConfigurationIsVisible = 0;
			defaultConfigurationName = Release;
		};
		5F07A7BA2D0CC14A00072E51 /* Build configuration list for PBXNativeTarget "BankAIChatExample" */ = {
			isa = XCConfigurationList;
			buildConfigurations = (
				5F07A7BB2D0CC14A00072E51 /* Debug */,
				5F07A7BC2D0CC14A00072E51 /* Release */,
			);
			defaultConfigurationIsVisible = 0;
			defaultConfigurationName = Release;
		};
		5F07A7BD2D0CC14A00072E51 /* Build configuration list for PBXNativeTarget "BankAIChatExampleTests" */ = {
			isa = XCConfigurationList;
			buildConfigurations = (
				5F07A7BE2D0CC14A00072E51 /* Debug */,
				5F07A7BF2D0CC14A00072E51 /* Release */,
			);
			defaultConfigurationIsVisible = 0;
			defaultConfigurationName = Release;
		};
		5F07A7C02D0CC14A00072E51 /* Build configuration list for PBXNativeTarget "BankAIChatExampleUITests" */ = {
			isa = XCConfigurationList;
			buildConfigurations = (
				5F07A7C12D0CC14A00072E51 /* Debug */,
				5F07A7C22D0CC14A00072E51 /* Release */,
			);
			defaultConfigurationIsVisible = 0;
			defaultConfigurationName = Release;
		};
/* End XCConfigurationList section */
	};
	rootObject = 5F07A78C2D0CC14800072E51 /* Project object */;
}
